{
  "name": "mdict",
  "version": "1.0.2",
  "lockfileVersion": 1,
  "requires": true,
  "dependencies": {
    "arraybuffer-to-buffer": {
      "version": "0.0.4",
      "resolved": "http://registry.npm.taobao.org/arraybuffer-to-buffer/download/arraybuffer-to-buffer-0.0.4.tgz",
      "integrity": "sha1-LD+Oj01UNipcYWVJbyEXb3/ZZqY="
    },
    "base64-js": {
      "version": "1.2.1",
      "resolved": "http://registry.npm.taobao.org/base64-js/download/base64-js-1.2.1.tgz",
      "integrity": "sha1-qRlH2h9KUW6jjltOwOw3c2deCIY="
    },
    "blob-to-buffer": {
      "version": "1.2.6",
      "resolved": "http://registry.npm.taobao.org/blob-to-buffer/download/blob-to-buffer-1.2.6.tgz",
      "integrity": "sha1-CJrCZMaGtz6tbFOaSEqAA7+7IDM="
    },
    "buffer": {
      "version": "5.0.7",
      "resolved": "http://registry.npm.taobao.org/buffer/download/buffer-5.0.7.tgz",
      "integrity": "sha1-VwopC2Jc8mAykMEUkiPSfM8E25c=",
      "requires": {
        "base64-js": "1.2.1",
        "ieee754": "1.1.8"
      }
    },
    "detect-node": {
      "version": "2.0.3",
      "resolved": "http://registry.npm.taobao.org/detect-node/download/detect-node-2.0.3.tgz",
      "integrity": "sha1-ogM8CcyOFY03dI+951B4Mr1s4Sc="
    },
    "fs-web": {
      "version": "1.0.1",
      "resolved": "http://registry.npm.taobao.org/fs-web/download/fs-web-1.0.1.tgz",
      "integrity": "sha1-UxfnF6+U2xaH2oKkj8buT4CLEhs=",
      "requires": {
        "path": "git://github.com/component/path.git#7b4f23c38833a5232cd5e3d50ccb8cd13dbcd2f4"
      }
    },
    "ieee754": {
      "version": "1.1.8",
      "resolved": "http://registry.npm.taobao.org/ieee754/download/ieee754-1.1.8.tgz",
      "integrity": "sha1-vjPUCsEO8ZJnAfbwii2G+/0a0+Q="
    },
    "lodash": {
      "version": "4.17.4",
      "resolved": "http://registry.npm.taobao.org/lodash/download/lodash-4.17.4.tgz",
      "integrity": "sha1-eCA6TRwyiuHYbcpkYONptX9AVa4="
    },
    "path": {
      "version": "git://github.com/component/path.git#7b4f23c38833a5232cd5e3d50ccb8cd13dbcd2f4"
    }
  }
}
